// !$*UTF8*$!
{
	archiveVersion = 1;
	classes = {
	};
	objectVersion = 50;
	objects = {

/* Begin PBXBuildFile section */
		3FBD8657209DB4E5004FF722 /* AppDelegate.m in Sources */ = {isa = PBXBuildFile; fileRef = 3FBD8656209DB4E5004FF722 /* AppDelegate.m */; };
		3FBD865A209DB4E5004FF722 /* ViewController.m in Sources */ = {isa = PBXBuildFile; fileRef = 3FBD8659209DB4E5004FF722 /* ViewController.m */; };
		3FBD865D209DB4E5004FF722 /* Main.storyboard in Resources */ = {isa = PBXBuildFile; fileRef = 3FBD865B209DB4E5004FF722 /* Main.storyboard */; };
		3FBD865F209DB4E7004FF722 /* Assets.xcassets in Resources */ = {isa = PBXBuildFile; fileRef = 3FBD865E209DB4E7004FF722 /* Assets.xcassets */; };
		3FBD8662209DB4E7004FF722 /* LaunchScreen.storyboard in Resources */ = {isa = PBXBuildFile; fileRef = 3FBD8660209DB4E7004FF722 /* LaunchScreen.storyboard */; };
		3FBD8665209DB4E7004FF722 /* main.m in Sources */ = {isa = PBXBuildFile; fileRef = 3FBD8664209DB4E7004FF722 /* main.m */; };
/* End PBXBuildFile section */

/* Begin PBXFileReference section */
		3FBD8652209DB4E5004FF722 /* AduioUnitDemo.app */ = {isa = PBXFileReference; explicitFileType = wrapper.application; includeInIndex = 0; path = AduioUnitDemo.app; sourceTree = BUILT_PRODUCTS_DIR; };
		3FBD8655209DB4E5004FF722 /* AppDelegate.h */ = {isa = PBXFileReference; lastKnownFileType = sourcecode.c.h; path = AppDelegate.h; sourceTree = "<group>"; };
		3FBD8656209DB4E5004FF722 /* AppDelegate.m */ = {isa = PBXFileReference; lastKnownFileType = sourcecode.c.objc; path = AppDelegate.m; sourceTree = "<group>"; };
		3FBD8658209DB4E5004FF722 /* ViewController.h */ = {isa = PBXFileReference; lastKnownFileType = sourcecode.c.h; path = ViewController.h; sourceTree = "<group>"; };
		3FBD8659209DB4E5004FF722 /* ViewController.m */ = {isa = PBXFileReference; lastKnownFileType = sourcecode.c.objc; path = ViewController.m; sourceTree = "<group>"; };
		3FBD865C209DB4E5004FF722 /* Base */ = {isa = PBXFileReference; lastKnownFileType = file.storyboard; name = Base; path = Base.lproj/Main.storyboard; sourceTree = "<group>"; };
		3FBD865E209DB4E7004FF722 /* Assets.xcassets */ = {isa = PBXFileReference; lastKnownFileType = folder.assetcatalog; path = Assets.xcassets; sourceTree = "<group>"; };
		3FBD8661209DB4E7004FF722 /* Base */ = {isa = PBXFileReference; lastKnownFileType = file.storyboard; name = Base; path = Base.lproj/LaunchScreen.storyboard; sourceTree = "<group>"; };
		3FBD8663209DB4E7004FF722 /* Info.plist */ = {isa = PBXFileReference; lastKnownFileType = text.plist.xml; path = Info.plist; sourceTree = "<group>"; };
		3FBD8664209DB4E7004FF722 /* main.m */ = {isa = PBXFileReference; lastKnownFileType = sourcecode.c.objc; path = main.m; sourceTree = "<group>"; };
/* End PBXFileReference section */

/* Begin PBXFrameworksBuildPhase section */
		3FBD864F209DB4E5004FF722 /* Frameworks */ = {
			isa = PBXFrameworksBuildPhase;
			buildActionMask = 2147483647;
			files = (
			);
			runOnlyForDeploymentPostprocessing = 0;
		};
/* End PBXFrameworksBuildPhase section */

/* Begin PBXGroup section */
		3FBD8649209DB4E5004FF722 = {
			isa = PBXGroup;
			children = (
				3FBD8654209DB4E5004FF722 /* AduioUnitDemo */,
				3FBD8653209DB4E5004FF722 /* Products */,
			);
			sourceTree = "<group>";
		};
		3FBD8653209DB4E5004FF722 /* Products */ = {
			isa = PBXGroup;
			children = (
				3FBD8652209DB4E5004FF722 /* AduioUnitDemo.app */,
			);
			name = Products;
			sourceTree = "<group>";
		};
		3FBD8654209DB4E5004FF722 /* AduioUnitDemo */ = {
			isa = PBXGroup;
			children = (
				3FBD8655209DB4E5004FF722 /* AppDelegate.h */,
				3FBD8656209DB4E5004FF722 /* AppDelegate.m */,
				3FBD8658209DB4E5004FF722 /* ViewController.h */,
				3FBD8659209DB4E5004FF722 /* ViewController.m */,
				3FBD865B209DB4E5004FF722 /* Main.storyboard */,
				3FBD865E209DB4E7004FF722 /* Assets.xcassets */,
				3FBD8660209DB4E7004FF722 /* LaunchScreen.storyboard */,
				3FBD8663209DB4E7004FF722 /* Info.plist */,
				3FBD8664209DB4E7004FF722 /* main.m */,
			);
			path = AduioUnitDemo;
			sourceTree = "<group>";
		};
/* End PBXGroup section */

/* Begin PBXNativeTarget section */
		3FBD8651209DB4E5004FF722 /* AduioUnitDemo */ = {
			isa = PBXNativeTarget;
			buildConfigurationList = 3FBD8668209DB4E7004FF722 /* Build configuration list for PBXNativeTarget "AduioUnitDemo" */;
			buildPhases = (
				3FBD864E209DB4E5004FF722 /* Sources */,
				3FBD864F209DB4E5004FF722 /* Frameworks */,
				3FBD8650209DB4E5004FF722 /* Resources */,
			);
			buildRules = (
			);
			dependencies = (
			);
			name = AduioUnitDemo;
			productName = AduioUnitDemo;
			productReference = 3FBD8652209DB4E5004FF722 /* AduioUnitDemo.app */;
			productType = "com.apple.product-type.application";
		};
/* End PBXNativeTarget section */

/* Begin PBXProject section */
		3FBD864A209DB4E5004FF722 /* Project object */ = {
			isa = PBXProject;
			attributes = {
				LastUpgradeCheck = 0930;
				ORGANIZATIONNAME = sunyazhou;
				TargetAttributes = {
					3FBD8651209DB4E5004FF722 = {
						CreatedOnToolsVersion = 9.3;
					};
				};
			};
			buildConfigurationList = 3FBD864D209DB4E5004FF722 /* Build configuration list for PBXProject "AduioUnitDemo" */;
			compatibilityVersion = "Xcode 9.3";
			developmentRegion = en;
			hasScannedForEncodings = 0;
			knownRegions = (
				en,
				Base,
			);
			mainGroup = 3FBD8649209DB4E5004FF722;
			productRefGroup = 3FBD8653209DB4E5004FF722 /* Products */;
			projectDirPath = "";
			projectRoot = "";
			targets = (
				3FBD8651209DB4E5004FF722 /* AduioUnitDemo */,
			);
		};
/* End PBXProject section */

/* Begin PBXResourcesBuildPhase section */
		3FBD8650209DB4E5004FF722 /* Resources */ = {
			isa = PBXResourcesBuildPhase;
			buildActionMask = 2147483647;
			files = (
				3FBD8662209DB4E7004FF722 /* LaunchScreen.storyboard in Resources */,
				3FBD865F209DB4E7004FF722 /* Assets.xcassets in Resources */,
				3FBD865D209DB4E5004FF722 /* Main.storyboard in Resources */,
			);
			runOnlyForDeploymentPostprocessing = 0;
		};
/* End PBXResourcesBuildPhase section */

/* Begin PBXSourcesBuildPhase section */
		3FBD864E209DB4E5004FF722 /* Sources */ = {
			isa = PBXSourcesBuildPhase;
			buildActionMask = 2147483647;
			files = (
				3FBD865A209DB4E5004FF722 /* ViewController.m in Sources */,
				3FBD8665209DB4E7004FF722 /* main.m in Sources */,
				3FBD8657209DB4E5004FF722 /* AppDelegate.m in Sources */,
			);
			runOnlyForDeploymentPostprocessing = 0;
		};
/* End PBXSourcesBuildPhase section */

/* Begin PBXVariantGroup section */
		3FBD865B209DB4E5004FF722 /* Main.storyboard */ = {
			isa = PBXVariantGroup;
			children = (
				3FBD865C209DB4E5004FF722 /* Base */,
			);
			name = Main.storyboard;
			sourceTree = "<group>";
		};
		3FBD8660209DB4E7004FF722 /* LaunchScreen.storyboard */ = {
			isa = PBXVariantGroup;
			children = (
				3FBD8661209DB4E7004FF722 /* Base */,
			);
			name = LaunchScreen.storyboard;
			sourceTree = "<group>";
		};
/* End PBXVariantGroup section */

/* Begin XCBuildConfiguration section */
		3FBD8666209DB4E7004FF722 /* Debug */ = {
			isa = XCBuildConfiguration;
			buildSettings = {
				ALWAYS_SEARCH_USER_PATHS = NO;
				CLANG_ANALYZER_NONNULL = YES;
				CLANG_ANALYZER_NUMBER_OBJECT_CONVERSION = YES_AGGRESSIVE;
				CLANG_CXX_LANGUAGE_STANDARD = "gnu++14";
				CLANG_CXX_LIBRARY = "libc++";
				CLANG_ENABLE_MODULES = YES;
				CLANG_ENABLE_OBJC_ARC = YES;
				CLANG_ENABLE_OBJC_WEAK = YES;
				CLANG_WARN_BLOCK_CAPTURE_AUTORELEASING = YES;
				CLANG_WARN_BOOL_CONVERSION = YES;
				CLANG_WARN_COMMA = YES;
				CLANG_WARN_CONSTANT_CONVERSION = YES;
				CLANG_WARN_DEPRECATED_OBJC_IMPLEMENTATIONS = YES;
				CLANG_WARN_DIRECT_OBJC_ISA_USAGE = YES_ERROR;
				CLANG_WARN_DOCUMENTATION_COMMENTS = YES;
				CLANG_WARN_EMPTY_BODY = YES;
				CLANG_WARN_ENUM_CONVERSION = YES;
				CLANG_WARN_INFINITE_RECURSION = YES;
				CLANG_WARN_INT_CONVERSION = YES;
				CLANG_WARN_NON_LITERAL_NULL_CONVERSION = YES;
				CLANG_WARN_OBJC_IMPLICIT_RETAIN_SELF = YES;
				CLANG_WARN_OBJC_LITERAL_CONVERSION = YES;
				CLANG_WARN_OBJC_ROOT_CLASS = YES_ERROR;
				CLANG_WARN_RANGE_LOOP_ANALYSIS = YES;
				CLANG_WARN_STRICT_PROTOTYPES = YES;
				CLANG_WARN_SUSPICIOUS_MOVE = YES;
				CLANG_WARN_UNGUARDED_AVAILABILITY = YES_AGGRESSIVE;
				CLANG_WARN_UNREACHABLE_CODE = YES;
				CLANG_WARN__DUPLICATE_METHOD_MATCH = YES;
				CODE_SIGN_IDENTITY = "iPhone Developer";
				COPY_PHASE_STRIP = NO;
				DEBUG_INFORMATION_FORMAT = dwarf;
				ENABLE_STRICT_OBJC_MSGSEND = YES;
				ENABLE_TESTABILITY = YES;
				GCC_C_LANGUAGE_STANDARD = gnu11;
				GCC_DYNAMIC_NO_PIC = NO;
				GCC_NO_COMMON_BLOCKS = YES;
				GCC_OPTIMIZATION_LEVEL = 0;
				GCC_PREPROCESSOR_DEFINITIONS = (
					"DEBUG=1",
					"$(inherited)",
				);
				GCC_WARN_64_TO_32_BIT_CONVERSION = YES;
				GCC_WARN_ABOUT_RETURN_TYPE = YES_ERROR;
				GCC_WARN_UNDECLARED_SELECTOR = YES;
				GCC_WARN_UNINITIALIZED_AUTOS = YES_AGGRESSIVE;
				GCC_WARN_UNUSED_FUNCTION = YES;
				GCC_WARN_UNUSED_VARIABLE = YES;
				IPHONEOS_DEPLOYMENT_TARGET = 11.3;
				MTL_ENABLE_DEBUG_INFO = YES;
				ONLY_ACTIVE_ARCH = YES;
				SDKROOT = iphoneos;
			};
			name = Debug;
		};
		3FBD8667209DB4E7004FF722 /* Release */ = {
			isa = XCBuildConfiguration;
			buildSettings = {
				ALWAYS_SEARCH_USER_PATHS = NO;
				CLANG_ANALYZER_NONNULL = YES;
				CLANG_ANALYZER_NUMBER_OBJECT_CONVERSION = YES_AGGRESSIVE;
				CLANG_CXX_LANGUAGE_STANDARD = "gnu++14";
				CLANG_CXX_LIBRARY = "libc++";
				CLANG_ENABLE_MODULES = YES;
				CLANG_ENABLE_OBJC_ARC = YES;
				CLANG_ENABLE_OBJC_WEAK = YES;
				CLANG_WARN_BLOCK_CAPTURE_AUTORELEASING = YES;
				CLANG_WARN_BOOL_CONVERSION = YES;
				CLANG_WARN_COMMA = YES;
				CLANG_WARN_CONSTANT_CONVERSION = YES;
				CLANG_WARN_DEPRECATED_OBJC_IMPLEMENTATIONS = YES;
				CLANG_WARN_DIRECT_OBJC_ISA_USAGE = YES_ERROR;
				CLANG_WARN_DOCUMENTATION_COMMENTS = YES;
				CLANG_WARN_EMPTY_BODY = YES;
				CLANG_WARN_ENUM_CONVERSION = YES;
				CLANG_WARN_INFINITE_RECURSION = YES;
				CLANG_WARN_INT_CONVERSION = YES;
				CLANG_WARN_NON_LITERAL_NULL_CONVERSION = YES;
				CLANG_WARN_OBJC_IMPLICIT_RETAIN_SELF = YES;
				CLANG_WARN_OBJC_LITERAL_CONVERSION = YES;
				CLANG_WARN_OBJC_ROOT_CLASS = YES_ERROR;
				CLANG_WARN_RANGE_LOOP_ANALYSIS = YES;
				CLANG_WARN_STRICT_PROTOTYPES = YES;
				CLANG_WARN_SUSPICIOUS_MOVE = YES;
				CLANG_WARN_UNGUARDED_AVAILABILITY = YES_AGGRESSIVE;
				CLANG_WARN_UNREACHABLE_CODE = YES;
				CLANG_WARN__DUPLICATE_METHOD_MATCH = YES;
				CODE_SIGN_IDENTITY = "iPhone Developer";
				COPY_PHASE_STRIP = NO;
				DEBUG_INFORMATION_FORMAT = "dwarf-with-dsym";
				ENABLE_NS_ASSERTIONS = NO;
				ENABLE_STRICT_OBJC_MSGSEND = YES;
				GCC_C_LANGUAGE_STANDARD = gnu11;
				GCC_NO_COMMON_BLOCKS = YES;
				GCC_WARN_64_TO_32_BIT_CONVERSION = YES;
				GCC_WARN_ABOUT_RETURN_TYPE = YES_ERROR;
				GCC_WARN_UNDECLARED_SELECTOR = YES;
				GCC_WARN_UNINITIALIZED_AUTOS = YES_AGGRESSIVE;
				GCC_WARN_UNUSED_FUNCTION = YES;
				GCC_WARN_UNUSED_VARIABLE = YES;
				IPHONEOS_DEPLOYMENT_TARGET = 11.3;
				MTL_ENABLE_DEBUG_INFO = NO;
				SDKROOT = iphoneos;
				VALIDATE_PRODUCT = YES;
			};
			name = Release;
		};
		3FBD8669209DB4E7004FF722 /* Debug */ = {
			isa = XCBuildConfiguration;
			buildSettings = {
				ASSETCATALOG_COMPILER_APPICON_NAME = AppIcon;
				CODE_SIGN_STYLE = Automatic;
				DEVELOPMENT_TEAM = 6WLJ7WL63C;
				INFOPLIST_FILE = AduioUnitDemo/Info.plist;
				LD_RUNPATH_SEARCH_PATHS = (
					"$(inherited)",
					"@executable_path/Frameworks",
				);
				PRODUCT_BUNDLE_IDENTIFIER = com.sunyazhou.AduioUnitDemo;
				PRODUCT_NAME = "$(TARGET_NAME)";
				TARGETED_DEVICE_FAMILY = "1,2";
			};
			name = Debug;
		};
		3FBD866A209DB4E7004FF722 /* Release */ = {
			isa = XCBuildConfiguration;
			buildSettings = {
				ASSETCATALOG_COMPILER_APPICON_NAME = AppIcon;
				CODE_SIGN_STYLE = Automatic;
				DEVELOPMENT_TEAM = 6WLJ7WL63C;
				INFOPLIST_FILE = AduioUnitDemo/Info.plist;
				LD_RUNPATH_SEARCH_PATHS = (
					"$(inherited)",
					"@executable_path/Frameworks",
				);
				PRODUCT_BUNDLE_IDENTIFIER = com.sunyazhou.AduioUnitDemo;
				PRODUCT_NAME = "$(TARGET_NAME)";
				TARGETED_DEVICE_FAMILY = "1,2";
			};
			name = Release;
		};
/* End XCBuildConfiguration section */

/* Begin XCConfigurationList section */
		3FBD864D209DB4E5004FF722 /* Build configuration list for PBXProject "AduioUnitDemo" */ = {
			isa = XCConfigurationList;
			buildConfigurations = (
				3FBD8666209DB4E7004FF722 /* Debug */,
				3FBD8667209DB4E7004FF722 /* Release */,
			);
			defaultConfigurationIsVisible = 0;
			defaultConfigurationName = Release;
		};
		3FBD8668209DB4E7004FF722 /* Build configuration list for PBXNativeTarget "AduioUnitDemo" */ = {
			isa = XCConfigurationList;
			buildConfigurations = (
				3FBD8669209DB4E7004FF722 /* Debug */,
				3FBD866A209DB4E7004FF722 /* Release */,
			);
			defaultConfigurationIsVisible = 0;
			defaultConfigurationName = Release;
		};
/* End XCConfigurationList section */
	};
	rootObject = 3FBD864A209DB4E5004FF722 /* Project object */;
}
